<?xml version="1.0" encoding="utf-8"?>
<Project ToolsVersion="4.0" xmlns="http://schemas.microsoft.com/developer/msbuild/2003">
  <ItemGroup>
    <Filter Include="Source Files">
      <UniqueIdentifier>{9b11300d-75cb-42ed-811d-a42086b589a8}</UniqueIdentifier>
      <Extensions>cpp;c;cxx;rc;def;r;odl;idl;hpj;bat</Extensions>
    </Filter>
    <Filter Include="Header Files">
      <UniqueIdentifier>{6325c82a-a3d8-43cf-aeb8-554b5c6fd1a4}</UniqueIdentifier>
      <Extensions>h;hpp;hxx;hm;inl</Extensions>
    </Filter>
  </ItemGroup>
  <ItemGroup>
    <ClCompile Include="src\datalink.c">
      <Filter>Source Files</Filter>
    </ClCompile>
    <ClCompile Include="src\ipaddr.c">
      <Filter>Source Files</Filter>
    </ClCompile>
    <ClCompile Include="src\macaddr.c">
      <Filter>Source Files</Filter>
    </ClCompile>
    <ClCompile Include="src\print-ascii.c">
      <Filter>Source Files</Filter>
    </ClCompile>
    <ClCompile Include="src\xapp.c">
      <Filter>Source Files</Filter>
    </ClCompile>
    <ClCompile Include="src\xarp.c">
      <Filter>Source Files</Filter>
    </ClCompile>
    <ClCompile Include="src\xdhcp.c">
      <Filter>Source Files</Filter>
    </ClCompile>
    <ClCompile Include="src\xether.c">
      <Filter>Source Files</Filter>
    </ClCompile>
    <ClCompile Include="src\xicmp.c">
      <Filter>Source Files</Filter>
    </ClCompile>
    <ClCompile Include="src\xip.c">
      <Filter>Source Files</Filter>
    </ClCompile>
    <ClCompile Include="src\xlayer.c">
      <Filter>Source Files</Filter>
    </ClCompile>
    <ClCompile Include="src\xtcp.c">
      <Filter>Source Files</Filter>
    </ClCompile>
    <ClCompile Include="src\xudp.c">
      <Filter>Source Files</Filter>
    </ClCompile>
  </ItemGroup>
  <ItemGroup>
    <ClInclude Include="include\datalink.h">
      <Filter>Header Files</Filter>
    </ClInclude>
    <ClInclude Include="include\ipaddr.h">
      <Filter>Header Files</Filter>
    </ClInclude>
    <ClInclude Include="include\macaddr.h">
      <Filter>Header Files</Filter>
    </ClInclude>
    <ClInclude Include="include\types.h">
      <Filter>Header Files</Filter>
    </ClInclude>
    <ClInclude Include="include\xapp.h">
      <Filter>Header Files</Filter>
    </ClInclude>
    <ClInclude Include="include\xarp.h">
      <Filter>Header Files</Filter>
    </ClInclude>
    <ClInclude Include="include\xdhcp.h">
      <Filter>Header Files</Filter>
    </ClInclude>
    <ClInclude Include="include\xether.h">
      <Filter>Header Files</Filter>
    </ClInclude>
    <ClInclude Include="include\xicmp.h">
      <Filter>Header Files</Filter>
    </ClInclude>
    <ClInclude Include="include\xip.h">
      <Filter>Header Files</Filter>
    </ClInclude>
    <ClInclude Include="include\xlayer.h">
      <Filter>Header Files</Filter>
    </ClInclude>
    <ClInclude Include="include\xtcp.h">
      <Filter>Header Files</Filter>
    </ClInclude>
    <ClInclude Include="include\xudp.h">
      <Filter>Header Files</Filter>
    </ClInclude>
  </ItemGroup>
</Project>